{
  "object": {
    "pins": [
      {
        "package": "OpenAPIKit",
        "repositoryURL": "https://github.com/mattpolzin/OpenAPIKit.git",
        "state": {
          "branch": "release/3_0",
          "revision": "b069168ebd9bac3704beab3aadff07b589aadeb2",
          "version": null
        }
      },
      {
        "package": "pure-swift-json",
        "repositoryURL": "https://github.com/fabianfett/pure-swift-json.git",
        "state": {
          "branch": null,
          "revision": "5dc8ec1d857f3b56e3a718a01165ae80c7677d48",
          "version": "0.4.0"
        }
      },
      {
        "package": "swift-argument-parser",
        "repositoryURL": "https://github.com/apple/swift-argument-parser.git",
        "state": {
          "branch": null,
          "revision": "9564d61b08a5335ae0a36f789a7d71493eacadfc",
          "version": "0.3.2"
        }
      },
      {
        "package": "Yams",
        "repositoryURL": "https://github.com/jpsim/Yams.git",
        "state": {
          "branch": null,
          "revision": "0d9ee7ea8c4ebd4a489ad7a73d5c6cad55d6fed3",
          "version": "5.0.6"
        }
      }
    ]
  },
  "version": 1
}
